
Microsoft Visual Studio Solution File, Format Version 12.00
# Visual Studio Version 17
VisualStudioVersion = 17.0.31903.59
MinimumVisualStudioVersion = 10.0.40219.1
Project("{FAE04EC0-301F-11D3-BF4B-00C04F79EFBC}") = "ATM.Domain", "ATM.Domain\ATM.Domain.csproj", "{8E758A13-4426-49B8-992C-3D12420F899C}"
EndProject
Project("{FAE04EC0-301F-11D3-BF4B-00C04F79EFBC}") = "ATM.Domain.Tests", "ATM.Domain.Tests\ATM.Domain.Tests.csproj", "{DA4676ED-63A2-4506-981D-F71617D56E72}"
EndProject
Global
	GlobalSection(SolutionConfigurationPlatforms) = preSolution
		Debug|Any CPU = Debug|Any CPU
		Release|Any CPU = Release|Any CPU
	EndGlobalSection
	GlobalSection(SolutionProperties) = preSolution
		HideSolutionNode = FALSE
	EndGlobalSection
	GlobalSection(ProjectConfigurationPlatforms) = postSolution
		{8E758A13-4426-49B8-992C-3D12420F899C}.Debug|Any CPU.ActiveCfg = Debug|Any CPU
		{8E758A13-4426-49B8-992C-3D12420F899C}.Debug|Any CPU.Build.0 = Debug|Any CPU
		{8E758A13-4426-49B8-992C-3D12420F899C}.Release|Any CPU.ActiveCfg = Release|Any CPU
		{8E758A13-4426-49B8-992C-3D12420F899C}.Release|Any CPU.Build.0 = Release|Any CPU
		{DA4676ED-63A2-4506-981D-F71617D56E72}.Debug|Any CPU.ActiveCfg = Debug|Any CPU
		{DA4676ED-63A2-4506-981D-F71617D56E72}.Debug|Any CPU.Build.0 = Debug|Any CPU
		{DA4676ED-63A2-4506-981D-F71617D56E72}.Release|Any CPU.ActiveCfg = Release|Any CPU
		{DA4676ED-63A2-4506-981D-F71617D56E72}.Release|Any CPU.Build.0 = Release|Any CPU
	EndGlobalSection
EndGlobal
